
Microsoft Visual Studio Solution File, Format Version 12.00
# Visual Studio Version 17
VisualStudioVersion = 17.0.31903.59
MinimumVisualStudioVersion = 10.0.40219.1
Project("{2150E333-8FDC-42A3-9474-1A3956D46DE8}") = "src", "src", "{9FA38F26-E1A3-407B-9889-A3615B9E91E5}"
EndProject
Project("{FAE04EC0-301F-11D3-BF4B-00C04F79EFBC}") = "Violet.StateManager", "src\Violet.StateManager\Violet.StateManager.csproj", "{6C856806-62F0-4569-90BC-9A64EF4DB7DE}"
EndProject
Project("{2150E333-8FDC-42A3-9474-1A3956D46DE8}") = "tests", "tests", "{19C77764-0B81-4A9C-851F-C97EC59635B1}"
EndProject
Project("{FAE04EC0-301F-11D3-BF4B-00C04F79EFBC}") = "Violet.StateManager.Tests", "tests\Violet.StateManager.Tests\Violet.StateManager.Tests.csproj", "{CBC0916A-E916-445D-A4D1-A2B322CCDDF5}"
EndProject
Global
	GlobalSection(SolutionConfigurationPlatforms) = preSolution
		Debug|Any CPU = Debug|Any CPU
		Release|Any CPU = Release|Any CPU
	EndGlobalSection
	GlobalSection(SolutionProperties) = preSolution
		HideSolutionNode = FALSE
	EndGlobalSection
	GlobalSection(ProjectConfigurationPlatforms) = postSolution
		{6C856806-62F0-4569-90BC-9A64EF4DB7DE}.Debug|Any CPU.ActiveCfg = Debug|Any CPU
		{6C856806-62F0-4569-90BC-9A64EF4DB7DE}.Debug|Any CPU.Build.0 = Debug|Any CPU
		{6C856806-62F0-4569-90BC-9A64EF4DB7DE}.Release|Any CPU.ActiveCfg = Release|Any CPU
		{6C856806-62F0-4569-90BC-9A64EF4DB7DE}.Release|Any CPU.Build.0 = Release|Any CPU
		{CBC0916A-E916-445D-A4D1-A2B322CCDDF5}.Debug|Any CPU.ActiveCfg = Debug|Any CPU
		{CBC0916A-E916-445D-A4D1-A2B322CCDDF5}.Debug|Any CPU.Build.0 = Debug|Any CPU
		{CBC0916A-E916-445D-A4D1-A2B322CCDDF5}.Release|Any CPU.ActiveCfg = Release|Any CPU
		{CBC0916A-E916-445D-A4D1-A2B322CCDDF5}.Release|Any CPU.Build.0 = Release|Any CPU
	EndGlobalSection
	GlobalSection(NestedProjects) = preSolution
		{6C856806-62F0-4569-90BC-9A64EF4DB7DE} = {9FA38F26-E1A3-407B-9889-A3615B9E91E5}
		{CBC0916A-E916-445D-A4D1-A2B322CCDDF5} = {19C77764-0B81-4A9C-851F-C97EC59635B1}
	EndGlobalSection
EndGlobal
